
Microsoft Visual Studio Solution File, Format Version 12.00
# Visual Studio 14
VisualStudioVersion = 14.0.24720.0
MinimumVisualStudioVersion = 10.0.40219.1
Project("{9092AA53-FB77-4645-B42D-1CCCA6BD08BD}") = "Projekt_simhopp", "Projekt_simhopp\Projekt_simhopp.njsproj", "{C1B03EF7-0635-4AAD-A5CD-4BD30E2E5E66}"
EndProject
Global
	GlobalSection(SolutionConfigurationPlatforms) = preSolution
		Debug|Any CPU = Debug|Any CPU
		Release|Any CPU = Release|Any CPU
	EndGlobalSection
	GlobalSection(ProjectConfigurationPlatforms) = postSolution
		{C1B03EF7-0635-4AAD-A5CD-4BD30E2E5E66}.Debug|Any CPU.ActiveCfg = Debug|Any CPU
		{C1B03EF7-0635-4AAD-A5CD-4BD30E2E5E66}.Debug|Any CPU.Build.0 = Debug|Any CPU
		{C1B03EF7-0635-4AAD-A5CD-4BD30E2E5E66}.Release|Any CPU.ActiveCfg = Release|Any CPU
		{C1B03EF7-0635-4AAD-A5CD-4BD30E2E5E66}.Release|Any CPU.Build.0 = Release|Any CPU
	EndGlobalSection
	GlobalSection(SolutionProperties) = preSolution
		HideSolutionNode = FALSE
	EndGlobalSection
EndGlobal
